
Microsoft Visual Studio Solution File, Format Version 12.00
# Visual Studio Version 17
VisualStudioVersion = 17.0.31903.59
MinimumVisualStudioVersion = 10.0.40219.1
Project("{9A19103F-16F7-4668-BE54-9A1E7A4F7556}") = "InterfaceApp", "InterfaceApp\InterfaceApp.csproj", "{174619BC-DBDD-4541-86D6-5C09BFA47705}"
EndProject
Project("{9A19103F-16F7-4668-BE54-9A1E7A4F7556}") = "DependencyInjection", "DependencyInjection\DependencyInjection.csproj", "{38EE9EFD-0FA4-42B2-B88C-C9B83DA847D8}"
EndProject
Project("{9A19103F-16F7-4668-BE54-9A1E7A4F7556}") = "LINQ", "LINQ\LINQ.csproj", "{CBCFFA64-0D34-4D57-8AD1-C824231BD766}"
EndProject
Project("{2150E333-8FDC-42A3-9474-1A3956D46DE8}") = "DesignPattern", "DesignPattern", "{08C63736-4D3C-420B-A5A5-78FB757F11E5}"
EndProject
Project("{9A19103F-16F7-4668-BE54-9A1E7A4F7556}") = "DesignPattern", "DesignPattern\DesignPattern.csproj", "{26AF9430-68F7-46C2-A491-D317F94CA6B9}"
EndProject
Global
	GlobalSection(SolutionConfigurationPlatforms) = preSolution
		Debug|Any CPU = Debug|Any CPU
		Release|Any CPU = Release|Any CPU
	EndGlobalSection
	GlobalSection(ProjectConfigurationPlatforms) = postSolution
		{174619BC-DBDD-4541-86D6-5C09BFA47705}.Debug|Any CPU.ActiveCfg = Debug|Any CPU
		{174619BC-DBDD-4541-86D6-5C09BFA47705}.Debug|Any CPU.Build.0 = Debug|Any CPU
		{174619BC-DBDD-4541-86D6-5C09BFA47705}.Release|Any CPU.ActiveCfg = Release|Any CPU
		{174619BC-DBDD-4541-86D6-5C09BFA47705}.Release|Any CPU.Build.0 = Release|Any CPU
		{38EE9EFD-0FA4-42B2-B88C-C9B83DA847D8}.Debug|Any CPU.ActiveCfg = Debug|Any CPU
		{38EE9EFD-0FA4-42B2-B88C-C9B83DA847D8}.Debug|Any CPU.Build.0 = Debug|Any CPU
		{38EE9EFD-0FA4-42B2-B88C-C9B83DA847D8}.Release|Any CPU.ActiveCfg = Release|Any CPU
		{38EE9EFD-0FA4-42B2-B88C-C9B83DA847D8}.Release|Any CPU.Build.0 = Release|Any CPU
		{CBCFFA64-0D34-4D57-8AD1-C824231BD766}.Debug|Any CPU.ActiveCfg = Debug|Any CPU
		{CBCFFA64-0D34-4D57-8AD1-C824231BD766}.Debug|Any CPU.Build.0 = Debug|Any CPU
		{CBCFFA64-0D34-4D57-8AD1-C824231BD766}.Release|Any CPU.ActiveCfg = Release|Any CPU
		{CBCFFA64-0D34-4D57-8AD1-C824231BD766}.Release|Any CPU.Build.0 = Release|Any CPU
		{26AF9430-68F7-46C2-A491-D317F94CA6B9}.Debug|Any CPU.ActiveCfg = Debug|Any CPU
		{26AF9430-68F7-46C2-A491-D317F94CA6B9}.Debug|Any CPU.Build.0 = Debug|Any CPU
		{26AF9430-68F7-46C2-A491-D317F94CA6B9}.Release|Any CPU.ActiveCfg = Release|Any CPU
		{26AF9430-68F7-46C2-A491-D317F94CA6B9}.Release|Any CPU.Build.0 = Release|Any CPU
	EndGlobalSection
	GlobalSection(SolutionProperties) = preSolution
		HideSolutionNode = FALSE
	EndGlobalSection
	GlobalSection(NestedProjects) = preSolution
		{26AF9430-68F7-46C2-A491-D317F94CA6B9} = {08C63736-4D3C-420B-A5A5-78FB757F11E5}
	EndGlobalSection
EndGlobal
