
Microsoft Visual Studio Solution File, Format Version 12.00
# Visual Studio Version 17
VisualStudioVersion = 17.11.35327.3
MinimumVisualStudioVersion = 10.0.40219.1
Project("{FAE04EC0-301F-11D3-BF4B-00C04F79EFBC}") = "SBSender", "SBSender\SBSender.csproj", "{2DB8F805-D1F3-48EA-BFB3-82740E6C0574}"
EndProject
Project("{FAE04EC0-301F-11D3-BF4B-00C04F79EFBC}") = "SBShared", "SBShared\SBShared.csproj", "{70E96DA7-56AC-4086-845C-FE9B41C79C5A}"
EndProject
Project("{FAE04EC0-301F-11D3-BF4B-00C04F79EFBC}") = "SBReceiver", "SBReceiver\SBReceiver.csproj", "{65591CFB-9A82-4830-B8B9-8346A4611ABE}"
EndProject
Global
	GlobalSection(SolutionConfigurationPlatforms) = preSolution
		Debug|Any CPU = Debug|Any CPU
		Release|Any CPU = Release|Any CPU
	EndGlobalSection
	GlobalSection(ProjectConfigurationPlatforms) = postSolution
		{2DB8F805-D1F3-48EA-BFB3-82740E6C0574}.Debug|Any CPU.ActiveCfg = Debug|Any CPU
		{2DB8F805-D1F3-48EA-BFB3-82740E6C0574}.Debug|Any CPU.Build.0 = Debug|Any CPU
		{2DB8F805-D1F3-48EA-BFB3-82740E6C0574}.Release|Any CPU.ActiveCfg = Release|Any CPU
		{2DB8F805-D1F3-48EA-BFB3-82740E6C0574}.Release|Any CPU.Build.0 = Release|Any CPU
		{70E96DA7-56AC-4086-845C-FE9B41C79C5A}.Debug|Any CPU.ActiveCfg = Debug|Any CPU
		{70E96DA7-56AC-4086-845C-FE9B41C79C5A}.Debug|Any CPU.Build.0 = Debug|Any CPU
		{70E96DA7-56AC-4086-845C-FE9B41C79C5A}.Release|Any CPU.ActiveCfg = Release|Any CPU
		{70E96DA7-56AC-4086-845C-FE9B41C79C5A}.Release|Any CPU.Build.0 = Release|Any CPU
		{65591CFB-9A82-4830-B8B9-8346A4611ABE}.Debug|Any CPU.ActiveCfg = Debug|Any CPU
		{65591CFB-9A82-4830-B8B9-8346A4611ABE}.Debug|Any CPU.Build.0 = Debug|Any CPU
		{65591CFB-9A82-4830-B8B9-8346A4611ABE}.Release|Any CPU.ActiveCfg = Release|Any CPU
		{65591CFB-9A82-4830-B8B9-8346A4611ABE}.Release|Any CPU.Build.0 = Release|Any CPU
	EndGlobalSection
	GlobalSection(SolutionProperties) = preSolution
		HideSolutionNode = FALSE
	EndGlobalSection
	GlobalSection(ExtensibilityGlobals) = postSolution
		SolutionGuid = {439DBBA6-3724-4561-93A4-400506DAEDA5}
	EndGlobalSection
EndGlobal
